
Microsoft Visual Studio Solution File, Format Version 12.00
# Visual Studio 2013
VisualStudioVersion = 12.0.31101.0
MinimumVisualStudioVersion = 10.0.40219.1
Project("{FAE04EC0-301F-11D3-BF4B-00C04F79EFBC}") = "vtortola.RedisClient", "vtortola.RedisClient\vtortola.RedisClient.csproj", "{63537027-AC75-4B45-8A87-A617EE17EEE2}"
EndProject
Project("{2150E333-8FDC-42A3-9474-1A3956D46DE8}") = "TestApplications", "TestApplications", "{CE50CF46-02B6-4906-A8FE-80A2A8271F20}"
EndProject
Project("{2150E333-8FDC-42A3-9474-1A3956D46DE8}") = "Tests", "Tests", "{4F3F5599-C9EC-4B5F-B9C1-A83454F729C9}"
EndProject
Project("{FAE04EC0-301F-11D3-BF4B-00C04F79EFBC}") = "IntegrationTests.RedisClient", "Tests\IntegrationTests.RedisClient\IntegrationTests.RedisClient.csproj", "{45DA634C-EF91-4F60-BBED-4E27DE84CD0D}"
EndProject
Project("{FAE04EC0-301F-11D3-BF4B-00C04F79EFBC}") = "UnitTest.RedisClient", "Tests\UnitTest.RedisClient\UnitTest.RedisClient.csproj", "{E4792137-5E0D-4B3B-941B-01061BBB8418}"
EndProject
Project("{FAE04EC0-301F-11D3-BF4B-00C04F79EFBC}") = "RedisClientStressApplication", "TestApplications\RedisClientStressApplication\RedisClientStressApplication.csproj", "{F8F460F6-ED9A-47C9-8CB8-E57FE7227FF8}"
EndProject
Project("{2150E333-8FDC-42A3-9474-1A3956D46DE8}") = "SimpleQA", "SimpleQA", "{C66FE0FB-3D23-4B85-AF98-5BA764F3539C}"
EndProject
Project("{FAE04EC0-301F-11D3-BF4B-00C04F79EFBC}") = "SimpleQA.Model", "TestApplications\SimpleQA\SimpleQA.Common\SimpleQA.Model.csproj", "{D3CA0210-2896-4F98-B1F2-7460F43CC503}"
EndProject
Project("{FAE04EC0-301F-11D3-BF4B-00C04F79EFBC}") = "SimpleQA.WebApp", "TestApplications\SimpleQA\SimpleQA.WebApp\SimpleQA.WebApp.csproj", "{38CE97EF-5E57-4F4C-A534-3454F87FD886}"
EndProject
Project("{FAE04EC0-301F-11D3-BF4B-00C04F79EFBC}") = "SimpleQA.RedisCommands", "TestApplications\SimpleQA\SimpleQA.RedisCommands\SimpleQA.RedisCommands.csproj", "{412C61B6-6868-49CA-81A8-62D3B4D98B8B}"
EndProject
Project("{FAE04EC0-301F-11D3-BF4B-00C04F79EFBC}") = "PerformanceComparison", "TestApplications\PerformanceComparison\PerformanceComparison.csproj", "{E2624154-01D4-4D61-AD74-C7781EBAE43F}"
EndProject
Project("{FAE04EC0-301F-11D3-BF4B-00C04F79EFBC}") = "UnitTests.Common", "UnitTests.Common\UnitTests.Common.csproj", "{4062C116-1534-4368-811D-C7A606DEB0F6}"
EndProject
Global
	GlobalSection(SolutionConfigurationPlatforms) = preSolution
		Debug|Any CPU = Debug|Any CPU
		Release|Any CPU = Release|Any CPU
	EndGlobalSection
	GlobalSection(ProjectConfigurationPlatforms) = postSolution
		{63537027-AC75-4B45-8A87-A617EE17EEE2}.Debug|Any CPU.ActiveCfg = Debug|Any CPU
		{63537027-AC75-4B45-8A87-A617EE17EEE2}.Debug|Any CPU.Build.0 = Debug|Any CPU
		{63537027-AC75-4B45-8A87-A617EE17EEE2}.Release|Any CPU.ActiveCfg = Release|Any CPU
		{63537027-AC75-4B45-8A87-A617EE17EEE2}.Release|Any CPU.Build.0 = Release|Any CPU
		{45DA634C-EF91-4F60-BBED-4E27DE84CD0D}.Debug|Any CPU.ActiveCfg = Debug|Any CPU
		{45DA634C-EF91-4F60-BBED-4E27DE84CD0D}.Debug|Any CPU.Build.0 = Debug|Any CPU
		{45DA634C-EF91-4F60-BBED-4E27DE84CD0D}.Release|Any CPU.ActiveCfg = Release|Any CPU
		{45DA634C-EF91-4F60-BBED-4E27DE84CD0D}.Release|Any CPU.Build.0 = Release|Any CPU
		{E4792137-5E0D-4B3B-941B-01061BBB8418}.Debug|Any CPU.ActiveCfg = Debug|Any CPU
		{E4792137-5E0D-4B3B-941B-01061BBB8418}.Debug|Any CPU.Build.0 = Debug|Any CPU
		{E4792137-5E0D-4B3B-941B-01061BBB8418}.Release|Any CPU.ActiveCfg = Release|Any CPU
		{E4792137-5E0D-4B3B-941B-01061BBB8418}.Release|Any CPU.Build.0 = Release|Any CPU
		{F8F460F6-ED9A-47C9-8CB8-E57FE7227FF8}.Debug|Any CPU.ActiveCfg = Debug|Any CPU
		{F8F460F6-ED9A-47C9-8CB8-E57FE7227FF8}.Debug|Any CPU.Build.0 = Debug|Any CPU
		{F8F460F6-ED9A-47C9-8CB8-E57FE7227FF8}.Release|Any CPU.ActiveCfg = Release|Any CPU
		{F8F460F6-ED9A-47C9-8CB8-E57FE7227FF8}.Release|Any CPU.Build.0 = Release|Any CPU
		{D3CA0210-2896-4F98-B1F2-7460F43CC503}.Debug|Any CPU.ActiveCfg = Debug|Any CPU
		{D3CA0210-2896-4F98-B1F2-7460F43CC503}.Debug|Any CPU.Build.0 = Debug|Any CPU
		{D3CA0210-2896-4F98-B1F2-7460F43CC503}.Release|Any CPU.ActiveCfg = Release|Any CPU
		{D3CA0210-2896-4F98-B1F2-7460F43CC503}.Release|Any CPU.Build.0 = Release|Any CPU
		{38CE97EF-5E57-4F4C-A534-3454F87FD886}.Debug|Any CPU.ActiveCfg = Debug|Any CPU
		{38CE97EF-5E57-4F4C-A534-3454F87FD886}.Debug|Any CPU.Build.0 = Debug|Any CPU
		{38CE97EF-5E57-4F4C-A534-3454F87FD886}.Release|Any CPU.ActiveCfg = Release|Any CPU
		{38CE97EF-5E57-4F4C-A534-3454F87FD886}.Release|Any CPU.Build.0 = Release|Any CPU
		{412C61B6-6868-49CA-81A8-62D3B4D98B8B}.Debug|Any CPU.ActiveCfg = Debug|Any CPU
		{412C61B6-6868-49CA-81A8-62D3B4D98B8B}.Debug|Any CPU.Build.0 = Debug|Any CPU
		{412C61B6-6868-49CA-81A8-62D3B4D98B8B}.Release|Any CPU.ActiveCfg = Release|Any CPU
		{412C61B6-6868-49CA-81A8-62D3B4D98B8B}.Release|Any CPU.Build.0 = Release|Any CPU
		{E2624154-01D4-4D61-AD74-C7781EBAE43F}.Debug|Any CPU.ActiveCfg = Debug|Any CPU
		{E2624154-01D4-4D61-AD74-C7781EBAE43F}.Debug|Any CPU.Build.0 = Debug|Any CPU
		{E2624154-01D4-4D61-AD74-C7781EBAE43F}.Release|Any CPU.ActiveCfg = Release|Any CPU
		{E2624154-01D4-4D61-AD74-C7781EBAE43F}.Release|Any CPU.Build.0 = Release|Any CPU
		{4062C116-1534-4368-811D-C7A606DEB0F6}.Debug|Any CPU.ActiveCfg = Debug|Any CPU
		{4062C116-1534-4368-811D-C7A606DEB0F6}.Debug|Any CPU.Build.0 = Debug|Any CPU
		{4062C116-1534-4368-811D-C7A606DEB0F6}.Release|Any CPU.ActiveCfg = Release|Any CPU
		{4062C116-1534-4368-811D-C7A606DEB0F6}.Release|Any CPU.Build.0 = Release|Any CPU
	EndGlobalSection
	GlobalSection(SolutionProperties) = preSolution
		HideSolutionNode = FALSE
	EndGlobalSection
	GlobalSection(NestedProjects) = preSolution
		{45DA634C-EF91-4F60-BBED-4E27DE84CD0D} = {4F3F5599-C9EC-4B5F-B9C1-A83454F729C9}
		{E4792137-5E0D-4B3B-941B-01061BBB8418} = {4F3F5599-C9EC-4B5F-B9C1-A83454F729C9}
		{F8F460F6-ED9A-47C9-8CB8-E57FE7227FF8} = {CE50CF46-02B6-4906-A8FE-80A2A8271F20}
		{C66FE0FB-3D23-4B85-AF98-5BA764F3539C} = {CE50CF46-02B6-4906-A8FE-80A2A8271F20}
		{D3CA0210-2896-4F98-B1F2-7460F43CC503} = {C66FE0FB-3D23-4B85-AF98-5BA764F3539C}
		{38CE97EF-5E57-4F4C-A534-3454F87FD886} = {C66FE0FB-3D23-4B85-AF98-5BA764F3539C}
		{412C61B6-6868-49CA-81A8-62D3B4D98B8B} = {C66FE0FB-3D23-4B85-AF98-5BA764F3539C}
		{E2624154-01D4-4D61-AD74-C7781EBAE43F} = {CE50CF46-02B6-4906-A8FE-80A2A8271F20}
		{4062C116-1534-4368-811D-C7A606DEB0F6} = {4F3F5599-C9EC-4B5F-B9C1-A83454F729C9}
	EndGlobalSection
EndGlobal
